// !$*UTF8*$!
{
	archiveVersion = 1;
	classes = {
	};
	objectVersion = 50;
	objects = {

/* Begin PBXBuildFile section */
		1508E84C259932E500A38C76 /* AppDelegate.swift in Sources */ = {isa = PBXBuildFile; fileRef = 1508E84B259932E500A38C76 /* AppDelegate.swift */; };
		1508E84E259932E500A38C76 /* SceneDelegate.swift in Sources */ = {isa = PBXBuildFile; fileRef = 1508E84D259932E500A38C76 /* SceneDelegate.swift */; };
		1508E850259932E500A38C76 /* ViewController.swift in Sources */ = {isa = PBXBuildFile; fileRef = 1508E84F259932E500A38C76 /* ViewController.swift */; };
		1508E853259932E500A38C76 /* Main.storyboard in Resources */ = {isa = PBXBuildFile; fileRef = 1508E851259932E500A38C76 /* Main.storyboard */; };
		1508E855259932E800A38C76 /* Assets.xcassets in Resources */ = {isa = PBXBuildFile; fileRef = 1508E854259932E800A38C76 /* Assets.xcassets */; };
		1508E858259932E800A38C76 /* LaunchScreen.storyboard in Resources */ = {isa = PBXBuildFile; fileRef = 1508E856259932E800A38C76 /* LaunchScreen.storyboard */; };
		1508E863259932E800A38C76 /* RezervacijaSobaTests.swift in Sources */ = {isa = PBXBuildFile; fileRef = 1508E862259932E800A38C76 /* RezervacijaSobaTests.swift */; };
		1508E86E259932E800A38C76 /* RezervacijaSobaUITests.swift in Sources */ = {isa = PBXBuildFile; fileRef = 1508E86D259932E800A38C76 /* RezervacijaSobaUITests.swift */; };
/* End PBXBuildFile section */

/* Begin PBXContainerItemProxy section */
		1508E85F259932E800A38C76 /* PBXContainerItemProxy */ = {
			isa = PBXContainerItemProxy;
			containerPortal = 1508E840259932E500A38C76 /* Project object */;
			proxyType = 1;
			remoteGlobalIDString = 1508E847259932E500A38C76;
			remoteInfo = RezervacijaSoba;
		};
		1508E86A259932E800A38C76 /* PBXContainerItemProxy */ = {
			isa = PBXContainerItemProxy;
			containerPortal = 1508E840259932E500A38C76 /* Project object */;
			proxyType = 1;
			remoteGlobalIDString = 1508E847259932E500A38C76;
			remoteInfo = RezervacijaSoba;
		};
/* End PBXContainerItemProxy section */

/* Begin PBXFileReference section */
		1508E848259932E500A38C76 /* RezervacijaSoba.app */ = {isa = PBXFileReference; explicitFileType = wrapper.application; includeInIndex = 0; path = RezervacijaSoba.app; sourceTree = BUILT_PRODUCTS_DIR; };
		1508E84B259932E500A38C76 /* AppDelegate.swift */ = {isa = PBXFileReference; lastKnownFileType = sourcecode.swift; path = AppDelegate.swift; sourceTree = "<group>"; };
		1508E84D259932E500A38C76 /* SceneDelegate.swift */ = {isa = PBXFileReference; lastKnownFileType = sourcecode.swift; path = SceneDelegate.swift; sourceTree = "<group>"; };
		1508E84F259932E500A38C76 /* ViewController.swift */ = {isa = PBXFileReference; lastKnownFileType = sourcecode.swift; path = ViewController.swift; sourceTree = "<group>"; };
		1508E852259932E500A38C76 /* Base */ = {isa = PBXFileReference; lastKnownFileType = file.storyboard; name = Base; path = Base.lproj/Main.storyboard; sourceTree = "<group>"; };
		1508E854259932E800A38C76 /* Assets.xcassets */ = {isa = PBXFileReference; lastKnownFileType = folder.assetcatalog; path = Assets.xcassets; sourceTree = "<group>"; };
		1508E857259932E800A38C76 /* Base */ = {isa = PBXFileReference; lastKnownFileType = file.storyboard; name = Base; path = Base.lproj/LaunchScreen.storyboard; sourceTree = "<group>"; };
		1508E859259932E800A38C76 /* Info.plist */ = {isa = PBXFileReference; lastKnownFileType = text.plist.xml; path = Info.plist; sourceTree = "<group>"; };
		1508E85E259932E800A38C76 /* RezervacijaSobaTests.xctest */ = {isa = PBXFileReference; explicitFileType = wrapper.cfbundle; includeInIndex = 0; path = RezervacijaSobaTests.xctest; sourceTree = BUILT_PRODUCTS_DIR; };
		1508E862259932E800A38C76 /* RezervacijaSobaTests.swift */ = {isa = PBXFileReference; lastKnownFileType = sourcecode.swift; path = RezervacijaSobaTests.swift; sourceTree = "<group>"; };
		1508E864259932E800A38C76 /* Info.plist */ = {isa = PBXFileReference; lastKnownFileType = text.plist.xml; path = Info.plist; sourceTree = "<group>"; };
		1508E869259932E800A38C76 /* RezervacijaSobaUITests.xctest */ = {isa = PBXFileReference; explicitFileType = wrapper.cfbundle; includeInIndex = 0; path = RezervacijaSobaUITests.xctest; sourceTree = BUILT_PRODUCTS_DIR; };
		1508E86D259932E800A38C76 /* RezervacijaSobaUITests.swift */ = {isa = PBXFileReference; lastKnownFileType = sourcecode.swift; path = RezervacijaSobaUITests.swift; sourceTree = "<group>"; };
		1508E86F259932E800A38C76 /* Info.plist */ = {isa = PBXFileReference; lastKnownFileType = text.plist.xml; path = Info.plist; sourceTree = "<group>"; };
/* End PBXFileReference section */

/* Begin PBXFrameworksBuildPhase section */
		1508E845259932E500A38C76 /* Frameworks */ = {
			isa = PBXFrameworksBuildPhase;
			buildActionMask = 2147483647;
			files = (
			);
			runOnlyForDeploymentPostprocessing = 0;
		};
		1508E85B259932E800A38C76 /* Frameworks */ = {
			isa = PBXFrameworksBuildPhase;
			buildActionMask = 2147483647;
			files = (
			);
			runOnlyForDeploymentPostprocessing = 0;
		};
		1508E866259932E800A38C76 /* Frameworks */ = {
			isa = PBXFrameworksBuildPhase;
			buildActionMask = 2147483647;
			files = (
			);
			runOnlyForDeploymentPostprocessing = 0;
		};
/* End PBXFrameworksBuildPhase section */

/* Begin PBXGroup section */
		1508E83F259932E500A38C76 = {
			isa = PBXGroup;
			children = (
				1508E84A259932E500A38C76 /* RezervacijaSoba */,
				1508E861259932E800A38C76 /* RezervacijaSobaTests */,
				1508E86C259932E800A38C76 /* RezervacijaSobaUITests */,
				1508E849259932E500A38C76 /* Products */,
			);
			sourceTree = "<group>";
		};
		1508E849259932E500A38C76 /* Products */ = {
			isa = PBXGroup;
			children = (
				1508E848259932E500A38C76 /* RezervacijaSoba.app */,
				1508E85E259932E800A38C76 /* RezervacijaSobaTests.xctest */,
				1508E869259932E800A38C76 /* RezervacijaSobaUITests.xctest */,
			);
			name = Products;
			sourceTree = "<group>";
		};
		1508E84A259932E500A38C76 /* RezervacijaSoba */ = {
			isa = PBXGroup;
			children = (
				1508E84B259932E500A38C76 /* AppDelegate.swift */,
				1508E84D259932E500A38C76 /* SceneDelegate.swift */,
				1508E84F259932E500A38C76 /* ViewController.swift */,
				1508E851259932E500A38C76 /* Main.storyboard */,
				1508E854259932E800A38C76 /* Assets.xcassets */,
				1508E856259932E800A38C76 /* LaunchScreen.storyboard */,
				1508E859259932E800A38C76 /* Info.plist */,
			);
			path = RezervacijaSoba;
			sourceTree = "<group>";
		};
		1508E861259932E800A38C76 /* RezervacijaSobaTests */ = {
			isa = PBXGroup;
			children = (
				1508E862259932E800A38C76 /* RezervacijaSobaTests.swift */,
				1508E864259932E800A38C76 /* Info.plist */,
			);
			path = RezervacijaSobaTests;
			sourceTree = "<group>";
		};
		1508E86C259932E800A38C76 /* RezervacijaSobaUITests */ = {
			isa = PBXGroup;
			children = (
				1508E86D259932E800A38C76 /* RezervacijaSobaUITests.swift */,
				1508E86F259932E800A38C76 /* Info.plist */,
			);
			path = RezervacijaSobaUITests;
			sourceTree = "<group>";
		};
/* End PBXGroup section */

/* Begin PBXNativeTarget section */
		1508E847259932E500A38C76 /* RezervacijaSoba */ = {
			isa = PBXNativeTarget;
			buildConfigurationList = 1508E872259932E800A38C76 /* Build configuration list for PBXNativeTarget "RezervacijaSoba" */;
			buildPhases = (
				1508E844259932E500A38C76 /* Sources */,
				1508E845259932E500A38C76 /* Frameworks */,
				1508E846259932E500A38C76 /* Resources */,
			);
			buildRules = (
			);
			dependencies = (
			);
			name = RezervacijaSoba;
			productName = RezervacijaSoba;
			productReference = 1508E848259932E500A38C76 /* RezervacijaSoba.app */;
			productType = "com.apple.product-type.application";
		};
		1508E85D259932E800A38C76 /* RezervacijaSobaTests */ = {
			isa = PBXNativeTarget;
			buildConfigurationList = 1508E875259932E800A38C76 /* Build configuration list for PBXNativeTarget "RezervacijaSobaTests" */;
			buildPhases = (
				1508E85A259932E800A38C76 /* Sources */,
				1508E85B259932E800A38C76 /* Frameworks */,
				1508E85C259932E800A38C76 /* Resources */,
			);
			buildRules = (
			);
			dependencies = (
				1508E860259932E800A38C76 /* PBXTargetDependency */,
			);
			name = RezervacijaSobaTests;
			productName = RezervacijaSobaTests;
			productReference = 1508E85E259932E800A38C76 /* RezervacijaSobaTests.xctest */;
			productType = "com.apple.product-type.bundle.unit-test";
		};
		1508E868259932E800A38C76 /* RezervacijaSobaUITests */ = {
			isa = PBXNativeTarget;
			buildConfigurationList = 1508E878259932E800A38C76 /* Build configuration list for PBXNativeTarget "RezervacijaSobaUITests" */;
			buildPhases = (
				1508E865259932E800A38C76 /* Sources */,
				1508E866259932E800A38C76 /* Frameworks */,
				1508E867259932E800A38C76 /* Resources */,
			);
			buildRules = (
			);
			dependencies = (
				1508E86B259932E800A38C76 /* PBXTargetDependency */,
			);
			name = RezervacijaSobaUITests;
			productName = RezervacijaSobaUITests;
			productReference = 1508E869259932E800A38C76 /* RezervacijaSobaUITests.xctest */;
			productType = "com.apple.product-type.bundle.ui-testing";
		};
/* End PBXNativeTarget section */

/* Begin PBXProject section */
		1508E840259932E500A38C76 /* Project object */ = {
			isa = PBXProject;
			attributes = {
				LastSwiftUpdateCheck = 1230;
				LastUpgradeCheck = 1230;
				TargetAttributes = {
					1508E847259932E500A38C76 = {
						CreatedOnToolsVersion = 12.3;
					};
					1508E85D259932E800A38C76 = {
						CreatedOnToolsVersion = 12.3;
						TestTargetID = 1508E847259932E500A38C76;
					};
					1508E868259932E800A38C76 = {
						CreatedOnToolsVersion = 12.3;
						TestTargetID = 1508E847259932E500A38C76;
					};
				};
			};
			buildConfigurationList = 1508E843259932E500A38C76 /* Build configuration list for PBXProject "RezervacijaSoba" */;
			compatibilityVersion = "Xcode 9.3";
			developmentRegion = en;
			hasScannedForEncodings = 0;
			knownRegions = (
				en,
				Base,
			);
			mainGroup = 1508E83F259932E500A38C76;
			productRefGroup = 1508E849259932E500A38C76 /* Products */;
			projectDirPath = "";
			projectRoot = "";
			targets = (
				1508E847259932E500A38C76 /* RezervacijaSoba */,
				1508E85D259932E800A38C76 /* RezervacijaSobaTests */,
				1508E868259932E800A38C76 /* RezervacijaSobaUITests */,
			);
		};
/* End PBXProject section */

/* Begin PBXResourcesBuildPhase section */
		1508E846259932E500A38C76 /* Resources */ = {
			isa = PBXResourcesBuildPhase;
			buildActionMask = 2147483647;
			files = (
				1508E858259932E800A38C76 /* LaunchScreen.storyboard in Resources */,
				1508E855259932E800A38C76 /* Assets.xcassets in Resources */,
				1508E853259932E500A38C76 /* Main.storyboard in Resources */,
			);
			runOnlyForDeploymentPostprocessing = 0;
		};
		1508E85C259932E800A38C76 /* Resources */ = {
			isa = PBXResourcesBuildPhase;
			buildActionMask = 2147483647;
			files = (
			);
			runOnlyForDeploymentPostprocessing = 0;
		};
		1508E867259932E800A38C76 /* Resources */ = {
			isa = PBXResourcesBuildPhase;
			buildActionMask = 2147483647;
			files = (
			);
			runOnlyForDeploymentPostprocessing = 0;
		};
/* End PBXResourcesBuildPhase section */

/* Begin PBXSourcesBuildPhase section */
		1508E844259932E500A38C76 /* Sources */ = {
			isa = PBXSourcesBuildPhase;
			buildActionMask = 2147483647;
			files = (
				1508E850259932E500A38C76 /* ViewController.swift in Sources */,
				1508E84C259932E500A38C76 /* AppDelegate.swift in Sources */,
				1508E84E259932E500A38C76 /* SceneDelegate.swift in Sources */,
			);
			runOnlyForDeploymentPostprocessing = 0;
		};
		1508E85A259932E800A38C76 /* Sources */ = {
			isa = PBXSourcesBuildPhase;
			buildActionMask = 2147483647;
			files = (
				1508E863259932E800A38C76 /* RezervacijaSobaTests.swift in Sources */,
			);
			runOnlyForDeploymentPostprocessing = 0;
		};
		1508E865259932E800A38C76 /* Sources */ = {
			isa = PBXSourcesBuildPhase;
			buildActionMask = 2147483647;
			files = (
				1508E86E259932E800A38C76 /* RezervacijaSobaUITests.swift in Sources */,
			);
			runOnlyForDeploymentPostprocessing = 0;
		};
/* End PBXSourcesBuildPhase section */

/* Begin PBXTargetDependency section */
		1508E860259932E800A38C76 /* PBXTargetDependency */ = {
			isa = PBXTargetDependency;
			target = 1508E847259932E500A38C76 /* RezervacijaSoba */;
			targetProxy = 1508E85F259932E800A38C76 /* PBXContainerItemProxy */;
		};
		1508E86B259932E800A38C76 /* PBXTargetDependency */ = {
			isa = PBXTargetDependency;
			target = 1508E847259932E500A38C76 /* RezervacijaSoba */;
			targetProxy = 1508E86A259932E800A38C76 /* PBXContainerItemProxy */;
		};
/* End PBXTargetDependency section */

/* Begin PBXVariantGroup section */
		1508E851259932E500A38C76 /* Main.storyboard */ = {
			isa = PBXVariantGroup;
			children = (
				1508E852259932E500A38C76 /* Base */,
			);
			name = Main.storyboard;
			sourceTree = "<group>";
		};
		1508E856259932E800A38C76 /* LaunchScreen.storyboard */ = {
			isa = PBXVariantGroup;
			children = (
				1508E857259932E800A38C76 /* Base */,
			);
			name = LaunchScreen.storyboard;
			sourceTree = "<group>";
		};
/* End PBXVariantGroup section */

/* Begin XCBuildConfiguration section */
		1508E870259932E800A38C76 /* Debug */ = {
			isa = XCBuildConfiguration;
			buildSettings = {
				ALWAYS_SEARCH_USER_PATHS = NO;
				CLANG_ANALYZER_NONNULL = YES;
				CLANG_ANALYZER_NUMBER_OBJECT_CONVERSION = YES_AGGRESSIVE;
				CLANG_CXX_LANGUAGE_STANDARD = "gnu++14";
				CLANG_CXX_LIBRARY = "libc++";
				CLANG_ENABLE_MODULES = YES;
				CLANG_ENABLE_OBJC_ARC = YES;
				CLANG_ENABLE_OBJC_WEAK = YES;
				CLANG_WARN_BLOCK_CAPTURE_AUTORELEASING = YES;
				CLANG_WARN_BOOL_CONVERSION = YES;
				CLANG_WARN_COMMA = YES;
				CLANG_WARN_CONSTANT_CONVERSION = YES;
				CLANG_WARN_DEPRECATED_OBJC_IMPLEMENTATIONS = YES;
				CLANG_WARN_DIRECT_OBJC_ISA_USAGE = YES_ERROR;
				CLANG_WARN_DOCUMENTATION_COMMENTS = YES;
				CLANG_WARN_EMPTY_BODY = YES;
				CLANG_WARN_ENUM_CONVERSION = YES;
				CLANG_WARN_INFINITE_RECURSION = YES;
				CLANG_WARN_INT_CONVERSION = YES;
				CLANG_WARN_NON_LITERAL_NULL_CONVERSION = YES;
				CLANG_WARN_OBJC_IMPLICIT_RETAIN_SELF = YES;
				CLANG_WARN_OBJC_LITERAL_CONVERSION = YES;
				CLANG_WARN_OBJC_ROOT_CLASS = YES_ERROR;
				CLANG_WARN_QUOTED_INCLUDE_IN_FRAMEWORK_HEADER = YES;
				CLANG_WARN_RANGE_LOOP_ANALYSIS = YES;
				CLANG_WARN_STRICT_PROTOTYPES = YES;
				CLANG_WARN_SUSPICIOUS_MOVE = YES;
				CLANG_WARN_UNGUARDED_AVAILABILITY = YES_AGGRESSIVE;
				CLANG_WARN_UNREACHABLE_CODE = YES;
				CLANG_WARN__DUPLICATE_METHOD_MATCH = YES;
				COPY_PHASE_STRIP = NO;
				DEBUG_INFORMATION_FORMAT = dwarf;
				ENABLE_STRICT_OBJC_MSGSEND = YES;
				ENABLE_TESTABILITY = YES;
				GCC_C_LANGUAGE_STANDARD = gnu11;
				GCC_DYNAMIC_NO_PIC = NO;
				GCC_NO_COMMON_BLOCKS = YES;
				GCC_OPTIMIZATION_LEVEL = 0;
				GCC_PREPROCESSOR_DEFINITIONS = (
					"DEBUG=1",
					"$(inherited)",
				);
				GCC_WARN_64_TO_32_BIT_CONVERSION = YES;
				GCC_WARN_ABOUT_RETURN_TYPE = YES_ERROR;
				GCC_WARN_UNDECLARED_SELECTOR = YES;
				GCC_WARN_UNINITIALIZED_AUTOS = YES_AGGRESSIVE;
				GCC_WARN_UNUSED_FUNCTION = YES;
				GCC_WARN_UNUSED_VARIABLE = YES;
				IPHONEOS_DEPLOYMENT_TARGET = 14.3;
				MTL_ENABLE_DEBUG_INFO = INCLUDE_SOURCE;
				MTL_FAST_MATH = YES;
				ONLY_ACTIVE_ARCH = YES;
				SDKROOT = iphoneos;
				SWIFT_ACTIVE_COMPILATION_CONDITIONS = DEBUG;
				SWIFT_OPTIMIZATION_LEVEL = "-Onone";
			};
			name = Debug;
		};
		1508E871259932E800A38C76 /* Release */ = {
			isa = XCBuildConfiguration;
			buildSettings = {
				ALWAYS_SEARCH_USER_PATHS = NO;
				CLANG_ANALYZER_NONNULL = YES;
				CLANG_ANALYZER_NUMBER_OBJECT_CONVERSION = YES_AGGRESSIVE;
				CLANG_CXX_LANGUAGE_STANDARD = "gnu++14";
				CLANG_CXX_LIBRARY = "libc++";
				CLANG_ENABLE_MODULES = YES;
				CLANG_ENABLE_OBJC_ARC = YES;
				CLANG_ENABLE_OBJC_WEAK = YES;
				CLANG_WARN_BLOCK_CAPTURE_AUTORELEASING = YES;
				CLANG_WARN_BOOL_CONVERSION = YES;
				CLANG_WARN_COMMA = YES;
				CLANG_WARN_CONSTANT_CONVERSION = YES;
				CLANG_WARN_DEPRECATED_OBJC_IMPLEMENTATIONS = YES;
				CLANG_WARN_DIRECT_OBJC_ISA_USAGE = YES_ERROR;
				CLANG_WARN_DOCUMENTATION_COMMENTS = YES;
				CLANG_WARN_EMPTY_BODY = YES;
				CLANG_WARN_ENUM_CONVERSION = YES;
				CLANG_WARN_INFINITE_RECURSION = YES;
				CLANG_WARN_INT_CONVERSION = YES;
				CLANG_WARN_NON_LITERAL_NULL_CONVERSION = YES;
				CLANG_WARN_OBJC_IMPLICIT_RETAIN_SELF = YES;
				CLANG_WARN_OBJC_LITERAL_CONVERSION = YES;
				CLANG_WARN_OBJC_ROOT_CLASS = YES_ERROR;
				CLANG_WARN_QUOTED_INCLUDE_IN_FRAMEWORK_HEADER = YES;
				CLANG_WARN_RANGE_LOOP_ANALYSIS = YES;
				CLANG_WARN_STRICT_PROTOTYPES = YES;
				CLANG_WARN_SUSPICIOUS_MOVE = YES;
				CLANG_WARN_UNGUARDED_AVAILABILITY = YES_AGGRESSIVE;
				CLANG_WARN_UNREACHABLE_CODE = YES;
				CLANG_WARN__DUPLICATE_METHOD_MATCH = YES;
				COPY_PHASE_STRIP = NO;
				DEBUG_INFORMATION_FORMAT = "dwarf-with-dsym";
				ENABLE_NS_ASSERTIONS = NO;
				ENABLE_STRICT_OBJC_MSGSEND = YES;
				GCC_C_LANGUAGE_STANDARD = gnu11;
				GCC_NO_COMMON_BLOCKS = YES;
				GCC_WARN_64_TO_32_BIT_CONVERSION = YES;
				GCC_WARN_ABOUT_RETURN_TYPE = YES_ERROR;
				GCC_WARN_UNDECLARED_SELECTOR = YES;
				GCC_WARN_UNINITIALIZED_AUTOS = YES_AGGRESSIVE;
				GCC_WARN_UNUSED_FUNCTION = YES;
				GCC_WARN_UNUSED_VARIABLE = YES;
				IPHONEOS_DEPLOYMENT_TARGET = 14.3;
				MTL_ENABLE_DEBUG_INFO = NO;
				MTL_FAST_MATH = YES;
				SDKROOT = iphoneos;
				SWIFT_COMPILATION_MODE = wholemodule;
				SWIFT_OPTIMIZATION_LEVEL = "-O";
				VALIDATE_PRODUCT = YES;
			};
			name = Release;
		};
		1508E873259932E800A38C76 /* Debug */ = {
			isa = XCBuildConfiguration;
			buildSettings = {
				ASSETCATALOG_COMPILER_APPICON_NAME = AppIcon;
				ASSETCATALOG_COMPILER_GLOBAL_ACCENT_COLOR_NAME = AccentColor;
				CODE_SIGN_STYLE = Automatic;
				DEVELOPMENT_TEAM = Q23NP96L48;
				INFOPLIST_FILE = RezervacijaSoba/Info.plist;
				IPHONEOS_DEPLOYMENT_TARGET = 14.0;
				LD_RUNPATH_SEARCH_PATHS = (
					"$(inherited)",
					"@executable_path/Frameworks",
				);
				PRODUCT_BUNDLE_IDENTIFIER = il.RezervacijaSoba;
				PRODUCT_NAME = "$(TARGET_NAME)";
				SWIFT_VERSION = 5.0;
				TARGETED_DEVICE_FAMILY = "1,2";
			};
			name = Debug;
		};
		1508E874259932E800A38C76 /* Release */ = {
			isa = XCBuildConfiguration;
			buildSettings = {
				ASSETCATALOG_COMPILER_APPICON_NAME = AppIcon;
				ASSETCATALOG_COMPILER_GLOBAL_ACCENT_COLOR_NAME = AccentColor;
				CODE_SIGN_STYLE = Automatic;
				DEVELOPMENT_TEAM = Q23NP96L48;
				INFOPLIST_FILE = RezervacijaSoba/Info.plist;
				IPHONEOS_DEPLOYMENT_TARGET = 14.0;
				LD_RUNPATH_SEARCH_PATHS = (
					"$(inherited)",
					"@executable_path/Frameworks",
				);
				PRODUCT_BUNDLE_IDENTIFIER = il.RezervacijaSoba;
				PRODUCT_NAME = "$(TARGET_NAME)";
				SWIFT_VERSION = 5.0;
				TARGETED_DEVICE_FAMILY = "1,2";
			};
			name = Release;
		};
		1508E876259932E800A38C76 /* Debug */ = {
			isa = XCBuildConfiguration;
			buildSettings = {
				ALWAYS_EMBED_SWIFT_STANDARD_LIBRARIES = YES;
				BUNDLE_LOADER = "$(TEST_HOST)";
				CODE_SIGN_STYLE = Automatic;
				DEVELOPMENT_TEAM = Q23NP96L48;
				INFOPLIST_FILE = RezervacijaSobaTests/Info.plist;
				IPHONEOS_DEPLOYMENT_TARGET = 14.3;
				LD_RUNPATH_SEARCH_PATHS = (
					"$(inherited)",
					"@executable_path/Frameworks",
					"@loader_path/Frameworks",
				);
				PRODUCT_BUNDLE_IDENTIFIER = il.RezervacijaSobaTests;
				PRODUCT_NAME = "$(TARGET_NAME)";
				SWIFT_VERSION = 5.0;
				TARGETED_DEVICE_FAMILY = "1,2";
				TEST_HOST = "$(BUILT_PRODUCTS_DIR)/RezervacijaSoba.app/RezervacijaSoba";
			};
			name = Debug;
		};
		1508E877259932E800A38C76 /* Release */ = {
			isa = XCBuildConfiguration;
			buildSettings = {
				ALWAYS_EMBED_SWIFT_STANDARD_LIBRARIES = YES;
				BUNDLE_LOADER = "$(TEST_HOST)";
				CODE_SIGN_STYLE = Automatic;
				DEVELOPMENT_TEAM = Q23NP96L48;
				INFOPLIST_FILE = RezervacijaSobaTests/Info.plist;
				IPHONEOS_DEPLOYMENT_TARGET = 14.3;
				LD_RUNPATH_SEARCH_PATHS = (
					"$(inherited)",
					"@executable_path/Frameworks",
					"@loader_path/Frameworks",
				);
				PRODUCT_BUNDLE_IDENTIFIER = il.RezervacijaSobaTests;
				PRODUCT_NAME = "$(TARGET_NAME)";
				SWIFT_VERSION = 5.0;
				TARGETED_DEVICE_FAMILY = "1,2";
				TEST_HOST = "$(BUILT_PRODUCTS_DIR)/RezervacijaSoba.app/RezervacijaSoba";
			};
			name = Release;
		};
		1508E879259932E800A38C76 /* Debug */ = {
			isa = XCBuildConfiguration;
			buildSettings = {
				ALWAYS_EMBED_SWIFT_STANDARD_LIBRARIES = YES;
				CODE_SIGN_STYLE = Automatic;
				DEVELOPMENT_TEAM = Q23NP96L48;
				INFOPLIST_FILE = RezervacijaSobaUITests/Info.plist;
				LD_RUNPATH_SEARCH_PATHS = (
					"$(inherited)",
					"@executable_path/Frameworks",
					"@loader_path/Frameworks",
				);
				PRODUCT_BUNDLE_IDENTIFIER = il.RezervacijaSobaUITests;
				PRODUCT_NAME = "$(TARGET_NAME)";
				SWIFT_VERSION = 5.0;
				TARGETED_DEVICE_FAMILY = "1,2";
				TEST_TARGET_NAME = RezervacijaSoba;
			};
			name = Debug;
		};
		1508E87A259932E800A38C76 /* Release */ = {
			isa = XCBuildConfiguration;
			buildSettings = {
				ALWAYS_EMBED_SWIFT_STANDARD_LIBRARIES = YES;
				CODE_SIGN_STYLE = Automatic;
				DEVELOPMENT_TEAM = Q23NP96L48;
				INFOPLIST_FILE = RezervacijaSobaUITests/Info.plist;
				LD_RUNPATH_SEARCH_PATHS = (
					"$(inherited)",
					"@executable_path/Frameworks",
					"@loader_path/Frameworks",
				);
				PRODUCT_BUNDLE_IDENTIFIER = il.RezervacijaSobaUITests;
				PRODUCT_NAME = "$(TARGET_NAME)";
				SWIFT_VERSION = 5.0;
				TARGETED_DEVICE_FAMILY = "1,2";
				TEST_TARGET_NAME = RezervacijaSoba;
			};
			name = Release;
		};
/* End XCBuildConfiguration section */

/* Begin XCConfigurationList section */
		1508E843259932E500A38C76 /* Build configuration list for PBXProject "RezervacijaSoba" */ = {
			isa = XCConfigurationList;
			buildConfigurations = (
				1508E870259932E800A38C76 /* Debug */,
				1508E871259932E800A38C76 /* Release */,
			);
			defaultConfigurationIsVisible = 0;
			defaultConfigurationName = Release;
		};
		1508E872259932E800A38C76 /* Build configuration list for PBXNativeTarget "RezervacijaSoba" */ = {
			isa = XCConfigurationList;
			buildConfigurations = (
				1508E873259932E800A38C76 /* Debug */,
				1508E874259932E800A38C76 /* Release */,
			);
			defaultConfigurationIsVisible = 0;
			defaultConfigurationName = Release;
		};
		1508E875259932E800A38C76 /* Build configuration list for PBXNativeTarget "RezervacijaSobaTests" */ = {
			isa = XCConfigurationList;
			buildConfigurations = (
				1508E876259932E800A38C76 /* Debug */,
				1508E877259932E800A38C76 /* Release */,
			);
			defaultConfigurationIsVisible = 0;
			defaultConfigurationName = Release;
		};
		1508E878259932E800A38C76 /* Build configuration list for PBXNativeTarget "RezervacijaSobaUITests" */ = {
			isa = XCConfigurationList;
			buildConfigurations = (
				1508E879259932E800A38C76 /* Debug */,
				1508E87A259932E800A38C76 /* Release */,
			);
			defaultConfigurationIsVisible = 0;
			defaultConfigurationName = Release;
		};
/* End XCConfigurationList section */
	};
	rootObject = 1508E840259932E500A38C76 /* Project object */;
}
